
Microsoft Visual Studio Solution File, Format Version 12.00
# Visual Studio 15
VisualStudioVersion = 15.0.28307.168
MinimumVisualStudioVersion = 10.0.40219.1
Project("{9A19103F-16F7-4668-BE54-9A1E7A4F7556}") = "PocOrleans", "PocOrleans\PocOrleans.csproj", "{FDB768C4-0E00-4344-83AC-3E32D6CECB8B}"
EndProject
Project("{9A19103F-16F7-4668-BE54-9A1E7A4F7556}") = "PocOrleans.Silo", "PocOrleans.Silo\PocOrleans.Silo.csproj", "{A4FD6BA8-D271-430D-84B2-8E10A92BEC14}"
EndProject
Project("{9A19103F-16F7-4668-BE54-9A1E7A4F7556}") = "PocOrleans.Grain", "PocOrleans.Grain\PocOrleans.Grain.csproj", "{93351819-77E3-4692-88AC-3912E4AF3A61}"
EndProject
Project("{9A19103F-16F7-4668-BE54-9A1E7A4F7556}") = "PocOrleans.GrainInterface", "PocOrleans.GrainInterface\PocOrleans.GrainInterface.csproj", "{346C53C4-C5B8-4935-B800-C78E3CB7924A}"
EndProject
Global
	GlobalSection(SolutionConfigurationPlatforms) = preSolution
		Debug|Any CPU = Debug|Any CPU
		Release|Any CPU = Release|Any CPU
	EndGlobalSection
	GlobalSection(ProjectConfigurationPlatforms) = postSolution
		{FDB768C4-0E00-4344-83AC-3E32D6CECB8B}.Debug|Any CPU.ActiveCfg = Debug|Any CPU
		{FDB768C4-0E00-4344-83AC-3E32D6CECB8B}.Debug|Any CPU.Build.0 = Debug|Any CPU
		{FDB768C4-0E00-4344-83AC-3E32D6CECB8B}.Release|Any CPU.ActiveCfg = Release|Any CPU
		{FDB768C4-0E00-4344-83AC-3E32D6CECB8B}.Release|Any CPU.Build.0 = Release|Any CPU
		{A4FD6BA8-D271-430D-84B2-8E10A92BEC14}.Debug|Any CPU.ActiveCfg = Debug|Any CPU
		{A4FD6BA8-D271-430D-84B2-8E10A92BEC14}.Debug|Any CPU.Build.0 = Debug|Any CPU
		{A4FD6BA8-D271-430D-84B2-8E10A92BEC14}.Release|Any CPU.ActiveCfg = Release|Any CPU
		{A4FD6BA8-D271-430D-84B2-8E10A92BEC14}.Release|Any CPU.Build.0 = Release|Any CPU
		{93351819-77E3-4692-88AC-3912E4AF3A61}.Debug|Any CPU.ActiveCfg = Debug|Any CPU
		{93351819-77E3-4692-88AC-3912E4AF3A61}.Debug|Any CPU.Build.0 = Debug|Any CPU
		{93351819-77E3-4692-88AC-3912E4AF3A61}.Release|Any CPU.ActiveCfg = Release|Any CPU
		{93351819-77E3-4692-88AC-3912E4AF3A61}.Release|Any CPU.Build.0 = Release|Any CPU
		{346C53C4-C5B8-4935-B800-C78E3CB7924A}.Debug|Any CPU.ActiveCfg = Debug|Any CPU
		{346C53C4-C5B8-4935-B800-C78E3CB7924A}.Debug|Any CPU.Build.0 = Debug|Any CPU
		{346C53C4-C5B8-4935-B800-C78E3CB7924A}.Release|Any CPU.ActiveCfg = Release|Any CPU
		{346C53C4-C5B8-4935-B800-C78E3CB7924A}.Release|Any CPU.Build.0 = Release|Any CPU
	EndGlobalSection
	GlobalSection(SolutionProperties) = preSolution
		HideSolutionNode = FALSE
	EndGlobalSection
	GlobalSection(ExtensibilityGlobals) = postSolution
		SolutionGuid = {52A1376E-68A2-4689-9AD4-0C73ED860348}
	EndGlobalSection
EndGlobal
